
Microsoft Visual Studio Solution File, Format Version 12.00
# Visual Studio Version 17
VisualStudioVersion = 17.8.34316.72
MinimumVisualStudioVersion = 10.0.40219.1
Project("{9A19103F-16F7-4668-BE54-9A1E7A4F7556}") = "Entidades", "AdaTech.GerenciadorTarefas\Entidades.csproj", "{600ACC4C-3FCE-4599-AD38-9B211BCB95B3}"
EndProject
Project("{9A19103F-16F7-4668-BE54-9A1E7A4F7556}") = "Sistema", "Sistema\Sistema.csproj", "{1156577D-6235-41BD-BED9-091192B5EDFD}"
EndProject
Project("{FAE04EC0-301F-11D3-BF4B-00C04F79EFBC}") = "UI", "UI\UI.csproj", "{96F66BF8-9604-413E-9E05-678768B5A1F9}"
	ProjectSection(ProjectDependencies) = postProject
		{1156577D-6235-41BD-BED9-091192B5EDFD} = {1156577D-6235-41BD-BED9-091192B5EDFD}
	EndProjectSection
EndProject
Global
	GlobalSection(SolutionConfigurationPlatforms) = preSolution
		Debug|Any CPU = Debug|Any CPU
		Release|Any CPU = Release|Any CPU
	EndGlobalSection
	GlobalSection(ProjectConfigurationPlatforms) = postSolution
		{600ACC4C-3FCE-4599-AD38-9B211BCB95B3}.Debug|Any CPU.ActiveCfg = Debug|Any CPU
		{600ACC4C-3FCE-4599-AD38-9B211BCB95B3}.Debug|Any CPU.Build.0 = Debug|Any CPU
		{600ACC4C-3FCE-4599-AD38-9B211BCB95B3}.Release|Any CPU.ActiveCfg = Release|Any CPU
		{600ACC4C-3FCE-4599-AD38-9B211BCB95B3}.Release|Any CPU.Build.0 = Release|Any CPU
		{1156577D-6235-41BD-BED9-091192B5EDFD}.Debug|Any CPU.ActiveCfg = Debug|Any CPU
		{1156577D-6235-41BD-BED9-091192B5EDFD}.Debug|Any CPU.Build.0 = Debug|Any CPU
		{1156577D-6235-41BD-BED9-091192B5EDFD}.Release|Any CPU.ActiveCfg = Release|Any CPU
		{1156577D-6235-41BD-BED9-091192B5EDFD}.Release|Any CPU.Build.0 = Release|Any CPU
		{96F66BF8-9604-413E-9E05-678768B5A1F9}.Debug|Any CPU.ActiveCfg = Debug|Any CPU
		{96F66BF8-9604-413E-9E05-678768B5A1F9}.Debug|Any CPU.Build.0 = Debug|Any CPU
		{96F66BF8-9604-413E-9E05-678768B5A1F9}.Release|Any CPU.ActiveCfg = Release|Any CPU
		{96F66BF8-9604-413E-9E05-678768B5A1F9}.Release|Any CPU.Build.0 = Release|Any CPU
	EndGlobalSection
	GlobalSection(SolutionProperties) = preSolution
		HideSolutionNode = FALSE
	EndGlobalSection
	GlobalSection(ExtensibilityGlobals) = postSolution
		SolutionGuid = {4D809DC0-AD52-4D2C-8B40-93C4A4F31CE6}
	EndGlobalSection
EndGlobal
